
Microsoft Visual Studio Solution File, Format Version 12.00
# Visual Studio Version 17
VisualStudioVersion = 17.14.36310.24
MinimumVisualStudioVersion = 10.0.40219.1
Project("{FAE04EC0-301F-11D3-BF4B-00C04F79EFBC}") = "SurveyBasket.Api", "SurveyBasket\SurveyBasket.Api.csproj", "{FADB5A8D-E872-458A-A0C8-0349C27FC6C9}"
EndProject
Global
	GlobalSection(SolutionConfigurationPlatforms) = preSolution
		Debug|Any CPU = Debug|Any CPU
		Release|Any CPU = Release|Any CPU
	EndGlobalSection
	GlobalSection(ProjectConfigurationPlatforms) = postSolution
		{FADB5A8D-E872-458A-A0C8-0349C27FC6C9}.Debug|Any CPU.ActiveCfg = Debug|Any CPU
		{FADB5A8D-E872-458A-A0C8-0349C27FC6C9}.Debug|Any CPU.Build.0 = Debug|Any CPU
		{FADB5A8D-E872-458A-A0C8-0349C27FC6C9}.Release|Any CPU.ActiveCfg = Release|Any CPU
		{FADB5A8D-E872-458A-A0C8-0349C27FC6C9}.Release|Any CPU.Build.0 = Release|Any CPU
	EndGlobalSection
	GlobalSection(SolutionProperties) = preSolution
		HideSolutionNode = FALSE
	EndGlobalSection
	GlobalSection(ExtensibilityGlobals) = postSolution
		SolutionGuid = {D45F8DF1-632D-408B-A334-843EF11E9CEE}
	EndGlobalSection
EndGlobal
